// !$*UTF8*$!
{
	archiveVersion = 1;
	classes = {
	};
	objectVersion = 51;
	objects = {

/* Begin PBXBuildFile section */
		16637A3FAC2A0EAD7B1896AC /* Pods_AppEventos.framework in Frameworks */ = {isa = PBXBuildFile; fileRef = 964EAB738D5326B74FEE5CE9 /* Pods_AppEventos.framework */; };
		4B692DDF24536E1A00DA88C9 /* AppDelegate.swift in Sources */ = {isa = PBXBuildFile; fileRef = 4B692DDE24536E1A00DA88C9 /* AppDelegate.swift */; };
		4B692DE124536E1A00DA88C9 /* SceneDelegate.swift in Sources */ = {isa = PBXBuildFile; fileRef = 4B692DE024536E1A00DA88C9 /* SceneDelegate.swift */; };
		4B692DE824536E1B00DA88C9 /* Assets.xcassets in Resources */ = {isa = PBXBuildFile; fileRef = 4B692DE724536E1B00DA88C9 /* Assets.xcassets */; };
		4B692DEB24536E1B00DA88C9 /* LaunchScreen.storyboard in Resources */ = {isa = PBXBuildFile; fileRef = 4B692DE924536E1B00DA88C9 /* LaunchScreen.storyboard */; };
		4B692DFD2453713E00DA88C9 /* EventsViewController.swift in Sources */ = {isa = PBXBuildFile; fileRef = 4B692DFC2453713E00DA88C9 /* EventsViewController.swift */; };
		4B692DFF2453714900DA88C9 /* EventsViewModel.swift in Sources */ = {isa = PBXBuildFile; fileRef = 4B692DFE2453714900DA88C9 /* EventsViewModel.swift */; };
		4B692E012453715500DA88C9 /* EventsView.swift in Sources */ = {isa = PBXBuildFile; fileRef = 4B692E002453715500DA88C9 /* EventsView.swift */; };
		4B692E0524537A6800DA88C9 /* EventViewCell.swift in Sources */ = {isa = PBXBuildFile; fileRef = 4B692E0324537A6800DA88C9 /* EventViewCell.swift */; };
		4B692E0624537A6800DA88C9 /* EventViewCell.xib in Resources */ = {isa = PBXBuildFile; fileRef = 4B692E0424537A6800DA88C9 /* EventViewCell.xib */; };
		4B692E0824537AF800DA88C9 /* EventCellViewModel.swift in Sources */ = {isa = PBXBuildFile; fileRef = 4B692E0724537AF800DA88C9 /* EventCellViewModel.swift */; };
		4B692E0A24537CC900DA88C9 /* EventsModel.swift in Sources */ = {isa = PBXBuildFile; fileRef = 4B692E0924537CC900DA88C9 /* EventsModel.swift */; };
		4B692E0C24537DA300DA88C9 /* DateFormatterExtension.swift in Sources */ = {isa = PBXBuildFile; fileRef = 4B692E0B24537DA300DA88C9 /* DateFormatterExtension.swift */; };
		4B692E1024537EB300DA88C9 /* CollectionExtensions.swift in Sources */ = {isa = PBXBuildFile; fileRef = 4B692E0F24537EB300DA88C9 /* CollectionExtensions.swift */; };
		4B692E132453815B00DA88C9 /* EventTableViewDataSource.swift in Sources */ = {isa = PBXBuildFile; fileRef = 4B692E122453815B00DA88C9 /* EventTableViewDataSource.swift */; };
		4B692E162453839D00DA88C9 /* EventSectionHeader.swift in Sources */ = {isa = PBXBuildFile; fileRef = 4B692E152453839D00DA88C9 /* EventSectionHeader.swift */; };
		4B692E182453841A00DA88C9 /* EventSectionHeader.xib in Resources */ = {isa = PBXBuildFile; fileRef = 4B692E172453841A00DA88C9 /* EventSectionHeader.xib */; };
		4B692E1A2453E55100DA88C9 /* EventService.swift in Sources */ = {isa = PBXBuildFile; fileRef = 4B692E192453E55100DA88C9 /* EventService.swift */; };
		4B6A7521245495E000A04DBC /* EventDetailViewController.swift in Sources */ = {isa = PBXBuildFile; fileRef = 4B6A7520245495E000A04DBC /* EventDetailViewController.swift */; };
		4B6A7523245495EC00A04DBC /* EventDetailView.swift in Sources */ = {isa = PBXBuildFile; fileRef = 4B6A7522245495EC00A04DBC /* EventDetailView.swift */; };
		4B6A7525245495F500A04DBC /* EventDetailViewModel.swift in Sources */ = {isa = PBXBuildFile; fileRef = 4B6A7524245495F500A04DBC /* EventDetailViewModel.swift */; };
		4B6A75292454976900A04DBC /* IconLabelStackView.swift in Sources */ = {isa = PBXBuildFile; fileRef = 4B6A75282454976900A04DBC /* IconLabelStackView.swift */; };
		4B6A752B2454979900A04DBC /* CheckinButtonsStackView.swift in Sources */ = {isa = PBXBuildFile; fileRef = 4B6A752A2454979900A04DBC /* CheckinButtonsStackView.swift */; };
		4B6A752D245497A100A04DBC /* TryAgainView.swift in Sources */ = {isa = PBXBuildFile; fileRef = 4B6A752C245497A100A04DBC /* TryAgainView.swift */; };
/* End PBXBuildFile section */

/* Begin PBXFileReference section */
		4B692DDB24536E1A00DA88C9 /* AppEventos.app */ = {isa = PBXFileReference; explicitFileType = wrapper.application; includeInIndex = 0; path = AppEventos.app; sourceTree = BUILT_PRODUCTS_DIR; };
		4B692DDE24536E1A00DA88C9 /* AppDelegate.swift */ = {isa = PBXFileReference; lastKnownFileType = sourcecode.swift; path = AppDelegate.swift; sourceTree = "<group>"; };
		4B692DE024536E1A00DA88C9 /* SceneDelegate.swift */ = {isa = PBXFileReference; lastKnownFileType = sourcecode.swift; path = SceneDelegate.swift; sourceTree = "<group>"; };
		4B692DE724536E1B00DA88C9 /* Assets.xcassets */ = {isa = PBXFileReference; lastKnownFileType = folder.assetcatalog; path = Assets.xcassets; sourceTree = "<group>"; };
		4B692DEA24536E1B00DA88C9 /* Base */ = {isa = PBXFileReference; lastKnownFileType = file.storyboard; name = Base; path = Base.lproj/LaunchScreen.storyboard; sourceTree = "<group>"; };
		4B692DEC24536E1B00DA88C9 /* Info.plist */ = {isa = PBXFileReference; lastKnownFileType = text.plist.xml; path = Info.plist; sourceTree = "<group>"; };
		4B692DFC2453713E00DA88C9 /* EventsViewController.swift */ = {isa = PBXFileReference; lastKnownFileType = sourcecode.swift; path = EventsViewController.swift; sourceTree = "<group>"; };
		4B692DFE2453714900DA88C9 /* EventsViewModel.swift */ = {isa = PBXFileReference; lastKnownFileType = sourcecode.swift; path = EventsViewModel.swift; sourceTree = "<group>"; };
		4B692E002453715500DA88C9 /* EventsView.swift */ = {isa = PBXFileReference; lastKnownFileType = sourcecode.swift; path = EventsView.swift; sourceTree = "<group>"; };
		4B692E0324537A6800DA88C9 /* EventViewCell.swift */ = {isa = PBXFileReference; fileEncoding = 4; lastKnownFileType = sourcecode.swift; path = EventViewCell.swift; sourceTree = "<group>"; };
		4B692E0424537A6800DA88C9 /* EventViewCell.xib */ = {isa = PBXFileReference; fileEncoding = 4; lastKnownFileType = file.xib; path = EventViewCell.xib; sourceTree = "<group>"; };
		4B692E0724537AF800DA88C9 /* EventCellViewModel.swift */ = {isa = PBXFileReference; lastKnownFileType = sourcecode.swift; path = EventCellViewModel.swift; sourceTree = "<group>"; };
		4B692E0924537CC900DA88C9 /* EventsModel.swift */ = {isa = PBXFileReference; lastKnownFileType = sourcecode.swift; path = EventsModel.swift; sourceTree = "<group>"; };
		4B692E0B24537DA300DA88C9 /* DateFormatterExtension.swift */ = {isa = PBXFileReference; lastKnownFileType = sourcecode.swift; path = DateFormatterExtension.swift; sourceTree = "<group>"; };
		4B692E0F24537EB300DA88C9 /* CollectionExtensions.swift */ = {isa = PBXFileReference; lastKnownFileType = sourcecode.swift; path = CollectionExtensions.swift; sourceTree = "<group>"; };
		4B692E122453815B00DA88C9 /* EventTableViewDataSource.swift */ = {isa = PBXFileReference; lastKnownFileType = sourcecode.swift; path = EventTableViewDataSource.swift; sourceTree = "<group>"; };
		4B692E152453839D00DA88C9 /* EventSectionHeader.swift */ = {isa = PBXFileReference; lastKnownFileType = sourcecode.swift; path = EventSectionHeader.swift; sourceTree = "<group>"; };
		4B692E172453841A00DA88C9 /* EventSectionHeader.xib */ = {isa = PBXFileReference; fileEncoding = 4; lastKnownFileType = file.xib; path = EventSectionHeader.xib; sourceTree = "<group>"; };
		4B692E192453E55100DA88C9 /* EventService.swift */ = {isa = PBXFileReference; lastKnownFileType = sourcecode.swift; path = EventService.swift; sourceTree = "<group>"; };
		4B6A7520245495E000A04DBC /* EventDetailViewController.swift */ = {isa = PBXFileReference; lastKnownFileType = sourcecode.swift; path = EventDetailViewController.swift; sourceTree = "<group>"; };
		4B6A7522245495EC00A04DBC /* EventDetailView.swift */ = {isa = PBXFileReference; lastKnownFileType = sourcecode.swift; path = EventDetailView.swift; sourceTree = "<group>"; };
		4B6A7524245495F500A04DBC /* EventDetailViewModel.swift */ = {isa = PBXFileReference; lastKnownFileType = sourcecode.swift; path = EventDetailViewModel.swift; sourceTree = "<group>"; };
		4B6A75282454976900A04DBC /* IconLabelStackView.swift */ = {isa = PBXFileReference; fileEncoding = 4; lastKnownFileType = sourcecode.swift; path = IconLabelStackView.swift; sourceTree = "<group>"; };
		4B6A752A2454979900A04DBC /* CheckinButtonsStackView.swift */ = {isa = PBXFileReference; fileEncoding = 4; lastKnownFileType = sourcecode.swift; path = CheckinButtonsStackView.swift; sourceTree = "<group>"; };
		4B6A752C245497A100A04DBC /* TryAgainView.swift */ = {isa = PBXFileReference; fileEncoding = 4; lastKnownFileType = sourcecode.swift; path = TryAgainView.swift; sourceTree = "<group>"; };
		964EAB738D5326B74FEE5CE9 /* Pods_AppEventos.framework */ = {isa = PBXFileReference; explicitFileType = wrapper.framework; includeInIndex = 0; path = Pods_AppEventos.framework; sourceTree = BUILT_PRODUCTS_DIR; };
		C4A10800218E3A26FAEA01F8 /* Pods-AppEventos.debug.xcconfig */ = {isa = PBXFileReference; includeInIndex = 1; lastKnownFileType = text.xcconfig; name = "Pods-AppEventos.debug.xcconfig"; path = "Target Support Files/Pods-AppEventos/Pods-AppEventos.debug.xcconfig"; sourceTree = "<group>"; };
		C9D6A592E8E5549266978C9D /* Pods-AppEventos.release.xcconfig */ = {isa = PBXFileReference; includeInIndex = 1; lastKnownFileType = text.xcconfig; name = "Pods-AppEventos.release.xcconfig"; path = "Target Support Files/Pods-AppEventos/Pods-AppEventos.release.xcconfig"; sourceTree = "<group>"; };
/* End PBXFileReference section */

/* Begin PBXFrameworksBuildPhase section */
		4B692DD824536E1A00DA88C9 /* Frameworks */ = {
			isa = PBXFrameworksBuildPhase;
			buildActionMask = 2147483647;
			files = (
				16637A3FAC2A0EAD7B1896AC /* Pods_AppEventos.framework in Frameworks */,
			);
			runOnlyForDeploymentPostprocessing = 0;
		};
/* End PBXFrameworksBuildPhase section */

/* Begin PBXGroup section */
		083D6B9C22795C080EA6F15F /* Frameworks */ = {
			isa = PBXGroup;
			children = (
				964EAB738D5326B74FEE5CE9 /* Pods_AppEventos.framework */,
			);
			name = Frameworks;
			sourceTree = "<group>";
		};
		0A13CECD20E66B7892012922 /* Pods */ = {
			isa = PBXGroup;
			children = (
				C4A10800218E3A26FAEA01F8 /* Pods-AppEventos.debug.xcconfig */,
				C9D6A592E8E5549266978C9D /* Pods-AppEventos.release.xcconfig */,
			);
			path = Pods;
			sourceTree = "<group>";
		};
		4B692DD224536E1A00DA88C9 = {
			isa = PBXGroup;
			children = (
				4B692DDD24536E1A00DA88C9 /* AppEventos */,
				4B692DDC24536E1A00DA88C9 /* Products */,
				0A13CECD20E66B7892012922 /* Pods */,
				083D6B9C22795C080EA6F15F /* Frameworks */,
			);
			sourceTree = "<group>";
		};
		4B692DDC24536E1A00DA88C9 /* Products */ = {
			isa = PBXGroup;
			children = (
				4B692DDB24536E1A00DA88C9 /* AppEventos.app */,
			);
			name = Products;
			sourceTree = "<group>";
		};
		4B692DDD24536E1A00DA88C9 /* AppEventos */ = {
			isa = PBXGroup;
			children = (
				4B692DF524536E7500DA88C9 /* Services */,
				4B692DF424536E6E00DA88C9 /* Models */,
				4B692DF324536E6600DA88C9 /* Extensions */,
				4B692DF224536E5D00DA88C9 /* Utils */,
				4B692DF624536E7D00DA88C9 /* UI */,
				4B692DDE24536E1A00DA88C9 /* AppDelegate.swift */,
				4B692DE024536E1A00DA88C9 /* SceneDelegate.swift */,
				4B692DE724536E1B00DA88C9 /* Assets.xcassets */,
				4B692DE924536E1B00DA88C9 /* LaunchScreen.storyboard */,
				4B692DEC24536E1B00DA88C9 /* Info.plist */,
			);
			path = AppEventos;
			sourceTree = "<group>";
		};
		4B692DF224536E5D00DA88C9 /* Utils */ = {
			isa = PBXGroup;
			children = (
			);
			path = Utils;
			sourceTree = "<group>";
		};
		4B692DF324536E6600DA88C9 /* Extensions */ = {
			isa = PBXGroup;
			children = (
				4B692E0B24537DA300DA88C9 /* DateFormatterExtension.swift */,
				4B692E0F24537EB300DA88C9 /* CollectionExtensions.swift */,
			);
			path = Extensions;
			sourceTree = "<group>";
		};
		4B692DF424536E6E00DA88C9 /* Models */ = {
			isa = PBXGroup;
			children = (
				4B692E0924537CC900DA88C9 /* EventsModel.swift */,
			);
			path = Models;
			sourceTree = "<group>";
		};
		4B692DF524536E7500DA88C9 /* Services */ = {
			isa = PBXGroup;
			children = (
				4B692E192453E55100DA88C9 /* EventService.swift */,
			);
			path = Services;
			sourceTree = "<group>";
		};
		4B692DF624536E7D00DA88C9 /* UI */ = {
			isa = PBXGroup;
			children = (
				4B6A75272454973E00A04DBC /* Custom Views */,
				4B692E0224537A5200DA88C9 /* Cells */,
				4B692DFA245370F400DA88C9 /* Events */,
				4B6A751F245495C100A04DBC /* EventDetail */,
			);
			path = UI;
			sourceTree = "<group>";
		};
		4B692DFA245370F400DA88C9 /* Events */ = {
			isa = PBXGroup;
			children = (
				4B692DFC2453713E00DA88C9 /* EventsViewController.swift */,
				4B692DFE2453714900DA88C9 /* EventsViewModel.swift */,
				4B692E002453715500DA88C9 /* EventsView.swift */,
			);
			path = Events;
			sourceTree = "<group>";
		};
		4B692E0224537A5200DA88C9 /* Cells */ = {
			isa = PBXGroup;
			children = (
				4B692E142453838800DA88C9 /* SectionHeader */,
				4B692E112453813F00DA88C9 /* DataSource */,
				4B692E0324537A6800DA88C9 /* EventViewCell.swift */,
				4B692E0424537A6800DA88C9 /* EventViewCell.xib */,
				4B692E0724537AF800DA88C9 /* EventCellViewModel.swift */,
			);
			path = Cells;
			sourceTree = "<group>";
		};
		4B692E112453813F00DA88C9 /* DataSource */ = {
			isa = PBXGroup;
			children = (
				4B692E122453815B00DA88C9 /* EventTableViewDataSource.swift */,
			);
			path = DataSource;
			sourceTree = "<group>";
		};
		4B692E142453838800DA88C9 /* SectionHeader */ = {
			isa = PBXGroup;
			children = (
				4B692E152453839D00DA88C9 /* EventSectionHeader.swift */,
				4B692E172453841A00DA88C9 /* EventSectionHeader.xib */,
			);
			path = SectionHeader;
			sourceTree = "<group>";
		};
		4B6A751F245495C100A04DBC /* EventDetail */ = {
			isa = PBXGroup;
			children = (
				4B6A7520245495E000A04DBC /* EventDetailViewController.swift */,
				4B6A7524245495F500A04DBC /* EventDetailViewModel.swift */,
				4B6A7522245495EC00A04DBC /* EventDetailView.swift */,
			);
			path = EventDetail;
			sourceTree = "<group>";
		};
		4B6A75272454973E00A04DBC /* Custom Views */ = {
			isa = PBXGroup;
			children = (
				4B6A75282454976900A04DBC /* IconLabelStackView.swift */,
				4B6A752A2454979900A04DBC /* CheckinButtonsStackView.swift */,
				4B6A752C245497A100A04DBC /* TryAgainView.swift */,
			);
			path = "Custom Views";
			sourceTree = "<group>";
		};
/* End PBXGroup section */

/* Begin PBXNativeTarget section */
		4B692DDA24536E1A00DA88C9 /* AppEventos */ = {
			isa = PBXNativeTarget;
			buildConfigurationList = 4B692DEF24536E1B00DA88C9 /* Build configuration list for PBXNativeTarget "AppEventos" */;
			buildPhases = (
				8CA8C498B99605DA2927D7DC /* [CP] Check Pods Manifest.lock */,
				4B692DD724536E1A00DA88C9 /* Sources */,
				4B692DD824536E1A00DA88C9 /* Frameworks */,
				4B692DD924536E1A00DA88C9 /* Resources */,
				A9CE974113D0A09BF4622728 /* [CP] Embed Pods Frameworks */,
			);
			buildRules = (
			);
			dependencies = (
			);
			name = AppEventos;
			productName = AppEventos;
			productReference = 4B692DDB24536E1A00DA88C9 /* AppEventos.app */;
			productType = "com.apple.product-type.application";
		};
/* End PBXNativeTarget section */

/* Begin PBXProject section */
		4B692DD324536E1A00DA88C9 /* Project object */ = {
			isa = PBXProject;
			attributes = {
				LastSwiftUpdateCheck = 1120;
				LastUpgradeCheck = 1120;
				ORGANIZATIONNAME = "Douglas de Carli Immig";
				TargetAttributes = {
					4B692DDA24536E1A00DA88C9 = {
						CreatedOnToolsVersion = 11.2.1;
					};
				};
			};
			buildConfigurationList = 4B692DD624536E1A00DA88C9 /* Build configuration list for PBXProject "AppEventos" */;
			compatibilityVersion = "Xcode 9.3";
			developmentRegion = en;
			hasScannedForEncodings = 0;
			knownRegions = (
				en,
				Base,
			);
			mainGroup = 4B692DD224536E1A00DA88C9;
			productRefGroup = 4B692DDC24536E1A00DA88C9 /* Products */;
			projectDirPath = "";
			projectRoot = "";
			targets = (
				4B692DDA24536E1A00DA88C9 /* AppEventos */,
			);
		};
/* End PBXProject section */

/* Begin PBXResourcesBuildPhase section */
		4B692DD924536E1A00DA88C9 /* Resources */ = {
			isa = PBXResourcesBuildPhase;
			buildActionMask = 2147483647;
			files = (
				4B692DEB24536E1B00DA88C9 /* LaunchScreen.storyboard in Resources */,
				4B692E182453841A00DA88C9 /* EventSectionHeader.xib in Resources */,
				4B692DE824536E1B00DA88C9 /* Assets.xcassets in Resources */,
				4B692E0624537A6800DA88C9 /* EventViewCell.xib in Resources */,
			);
			runOnlyForDeploymentPostprocessing = 0;
		};
/* End PBXResourcesBuildPhase section */

/* Begin PBXShellScriptBuildPhase section */
		8CA8C498B99605DA2927D7DC /* [CP] Check Pods Manifest.lock */ = {
			isa = PBXShellScriptBuildPhase;
			buildActionMask = 2147483647;
			files = (
			);
			inputFileListPaths = (
			);
			inputPaths = (
				"${PODS_PODFILE_DIR_PATH}/Podfile.lock",
				"${PODS_ROOT}/Manifest.lock",
			);
			name = "[CP] Check Pods Manifest.lock";
			outputFileListPaths = (
			);
			outputPaths = (
				"$(DERIVED_FILE_DIR)/Pods-AppEventos-checkManifestLockResult.txt",
			);
			runOnlyForDeploymentPostprocessing = 0;
			shellPath = /bin/sh;
			shellScript = "diff \"${PODS_PODFILE_DIR_PATH}/Podfile.lock\" \"${PODS_ROOT}/Manifest.lock\" > /dev/null\nif [ $? != 0 ] ; then\n    # print error to STDERR\n    echo \"error: The sandbox is not in sync with the Podfile.lock. Run 'pod install' or update your CocoaPods installation.\" >&2\n    exit 1\nfi\n# This output is used by Xcode 'outputs' to avoid re-running this script phase.\necho \"SUCCESS\" > \"${SCRIPT_OUTPUT_FILE_0}\"\n";
			showEnvVarsInLog = 0;
		};
		A9CE974113D0A09BF4622728 /* [CP] Embed Pods Frameworks */ = {
			isa = PBXShellScriptBuildPhase;
			buildActionMask = 2147483647;
			files = (
			);
			inputFileListPaths = (
				"${PODS_ROOT}/Target Support Files/Pods-AppEventos/Pods-AppEventos-frameworks-${CONFIGURATION}-input-files.xcfilelist",
			);
			name = "[CP] Embed Pods Frameworks";
			outputFileListPaths = (
				"${PODS_ROOT}/Target Support Files/Pods-AppEventos/Pods-AppEventos-frameworks-${CONFIGURATION}-output-files.xcfilelist",
			);
			runOnlyForDeploymentPostprocessing = 0;
			shellPath = /bin/sh;
			shellScript = "\"${PODS_ROOT}/Target Support Files/Pods-AppEventos/Pods-AppEventos-frameworks.sh\"\n";
			showEnvVarsInLog = 0;
		};
/* End PBXShellScriptBuildPhase section */

/* Begin PBXSourcesBuildPhase section */
		4B692DD724536E1A00DA88C9 /* Sources */ = {
			isa = PBXSourcesBuildPhase;
			buildActionMask = 2147483647;
			files = (
				4B692DFF2453714900DA88C9 /* EventsViewModel.swift in Sources */,
				4B692E1024537EB300DA88C9 /* CollectionExtensions.swift in Sources */,
				4B6A75292454976900A04DBC /* IconLabelStackView.swift in Sources */,
				4B692E0824537AF800DA88C9 /* EventCellViewModel.swift in Sources */,
				4B692E1A2453E55100DA88C9 /* EventService.swift in Sources */,
				4B692E0C24537DA300DA88C9 /* DateFormatterExtension.swift in Sources */,
				4B692DFD2453713E00DA88C9 /* EventsViewController.swift in Sources */,
				4B6A752B2454979900A04DBC /* CheckinButtonsStackView.swift in Sources */,
				4B6A7525245495F500A04DBC /* EventDetailViewModel.swift in Sources */,
				4B692E0A24537CC900DA88C9 /* EventsModel.swift in Sources */,
				4B692E0524537A6800DA88C9 /* EventViewCell.swift in Sources */,
				4B692DDF24536E1A00DA88C9 /* AppDelegate.swift in Sources */,
				4B692E162453839D00DA88C9 /* EventSectionHeader.swift in Sources */,
				4B6A752D245497A100A04DBC /* TryAgainView.swift in Sources */,
				4B692DE124536E1A00DA88C9 /* SceneDelegate.swift in Sources */,
				4B6A7523245495EC00A04DBC /* EventDetailView.swift in Sources */,
				4B692E132453815B00DA88C9 /* EventTableViewDataSource.swift in Sources */,
				4B6A7521245495E000A04DBC /* EventDetailViewController.swift in Sources */,
				4B692E012453715500DA88C9 /* EventsView.swift in Sources */,
			);
			runOnlyForDeploymentPostprocessing = 0;
		};
/* End PBXSourcesBuildPhase section */

/* Begin PBXVariantGroup section */
		4B692DE924536E1B00DA88C9 /* LaunchScreen.storyboard */ = {
			isa = PBXVariantGroup;
			children = (
				4B692DEA24536E1B00DA88C9 /* Base */,
			);
			name = LaunchScreen.storyboard;
			sourceTree = "<group>";
		};
/* End PBXVariantGroup section */

/* Begin XCBuildConfiguration section */
		4B692DED24536E1B00DA88C9 /* Debug */ = {
			isa = XCBuildConfiguration;
			buildSettings = {
				ALWAYS_SEARCH_USER_PATHS = NO;
				CLANG_ANALYZER_NONNULL = YES;
				CLANG_ANALYZER_NUMBER_OBJECT_CONVERSION = YES_AGGRESSIVE;
				CLANG_CXX_LANGUAGE_STANDARD = "gnu++14";
				CLANG_CXX_LIBRARY = "libc++";
				CLANG_ENABLE_MODULES = YES;
				CLANG_ENABLE_OBJC_ARC = YES;
				CLANG_ENABLE_OBJC_WEAK = YES;
				CLANG_WARN_BLOCK_CAPTURE_AUTORELEASING = YES;
				CLANG_WARN_BOOL_CONVERSION = YES;
				CLANG_WARN_COMMA = YES;
				CLANG_WARN_CONSTANT_CONVERSION = YES;
				CLANG_WARN_DEPRECATED_OBJC_IMPLEMENTATIONS = YES;
				CLANG_WARN_DIRECT_OBJC_ISA_USAGE = YES_ERROR;
				CLANG_WARN_DOCUMENTATION_COMMENTS = YES;
				CLANG_WARN_EMPTY_BODY = YES;
				CLANG_WARN_ENUM_CONVERSION = YES;
				CLANG_WARN_INFINITE_RECURSION = YES;
				CLANG_WARN_INT_CONVERSION = YES;
				CLANG_WARN_NON_LITERAL_NULL_CONVERSION = YES;
				CLANG_WARN_OBJC_IMPLICIT_RETAIN_SELF = YES;
				CLANG_WARN_OBJC_LITERAL_CONVERSION = YES;
				CLANG_WARN_OBJC_ROOT_CLASS = YES_ERROR;
				CLANG_WARN_RANGE_LOOP_ANALYSIS = YES;
				CLANG_WARN_STRICT_PROTOTYPES = YES;
				CLANG_WARN_SUSPICIOUS_MOVE = YES;
				CLANG_WARN_UNGUARDED_AVAILABILITY = YES_AGGRESSIVE;
				CLANG_WARN_UNREACHABLE_CODE = YES;
				CLANG_WARN__DUPLICATE_METHOD_MATCH = YES;
				COPY_PHASE_STRIP = NO;
				DEBUG_INFORMATION_FORMAT = dwarf;
				ENABLE_STRICT_OBJC_MSGSEND = YES;
				ENABLE_TESTABILITY = YES;
				GCC_C_LANGUAGE_STANDARD = gnu11;
				GCC_DYNAMIC_NO_PIC = NO;
				GCC_NO_COMMON_BLOCKS = YES;
				GCC_OPTIMIZATION_LEVEL = 0;
				GCC_PREPROCESSOR_DEFINITIONS = (
					"DEBUG=1",
					"$(inherited)",
				);
				GCC_WARN_64_TO_32_BIT_CONVERSION = YES;
				GCC_WARN_ABOUT_RETURN_TYPE = YES_ERROR;
				GCC_WARN_UNDECLARED_SELECTOR = YES;
				GCC_WARN_UNINITIALIZED_AUTOS = YES_AGGRESSIVE;
				GCC_WARN_UNUSED_FUNCTION = YES;
				GCC_WARN_UNUSED_VARIABLE = YES;
				IPHONEOS_DEPLOYMENT_TARGET = 13.2;
				MTL_ENABLE_DEBUG_INFO = INCLUDE_SOURCE;
				MTL_FAST_MATH = YES;
				ONLY_ACTIVE_ARCH = YES;
				SDKROOT = iphoneos;
				SWIFT_ACTIVE_COMPILATION_CONDITIONS = DEBUG;
				SWIFT_OPTIMIZATION_LEVEL = "-Onone";
			};
			name = Debug;
		};
		4B692DEE24536E1B00DA88C9 /* Release */ = {
			isa = XCBuildConfiguration;
			buildSettings = {
				ALWAYS_SEARCH_USER_PATHS = NO;
				CLANG_ANALYZER_NONNULL = YES;
				CLANG_ANALYZER_NUMBER_OBJECT_CONVERSION = YES_AGGRESSIVE;
				CLANG_CXX_LANGUAGE_STANDARD = "gnu++14";
				CLANG_CXX_LIBRARY = "libc++";
				CLANG_ENABLE_MODULES = YES;
				CLANG_ENABLE_OBJC_ARC = YES;
				CLANG_ENABLE_OBJC_WEAK = YES;
				CLANG_WARN_BLOCK_CAPTURE_AUTORELEASING = YES;
				CLANG_WARN_BOOL_CONVERSION = YES;
				CLANG_WARN_COMMA = YES;
				CLANG_WARN_CONSTANT_CONVERSION = YES;
				CLANG_WARN_DEPRECATED_OBJC_IMPLEMENTATIONS = YES;
				CLANG_WARN_DIRECT_OBJC_ISA_USAGE = YES_ERROR;
				CLANG_WARN_DOCUMENTATION_COMMENTS = YES;
				CLANG_WARN_EMPTY_BODY = YES;
				CLANG_WARN_ENUM_CONVERSION = YES;
				CLANG_WARN_INFINITE_RECURSION = YES;
				CLANG_WARN_INT_CONVERSION = YES;
				CLANG_WARN_NON_LITERAL_NULL_CONVERSION = YES;
				CLANG_WARN_OBJC_IMPLICIT_RETAIN_SELF = YES;
				CLANG_WARN_OBJC_LITERAL_CONVERSION = YES;
				CLANG_WARN_OBJC_ROOT_CLASS = YES_ERROR;
				CLANG_WARN_RANGE_LOOP_ANALYSIS = YES;
				CLANG_WARN_STRICT_PROTOTYPES = YES;
				CLANG_WARN_SUSPICIOUS_MOVE = YES;
				CLANG_WARN_UNGUARDED_AVAILABILITY = YES_AGGRESSIVE;
				CLANG_WARN_UNREACHABLE_CODE = YES;
				CLANG_WARN__DUPLICATE_METHOD_MATCH = YES;
				COPY_PHASE_STRIP = NO;
				DEBUG_INFORMATION_FORMAT = "dwarf-with-dsym";
				ENABLE_NS_ASSERTIONS = NO;
				ENABLE_STRICT_OBJC_MSGSEND = YES;
				GCC_C_LANGUAGE_STANDARD = gnu11;
				GCC_NO_COMMON_BLOCKS = YES;
				GCC_WARN_64_TO_32_BIT_CONVERSION = YES;
				GCC_WARN_ABOUT_RETURN_TYPE = YES_ERROR;
				GCC_WARN_UNDECLARED_SELECTOR = YES;
				GCC_WARN_UNINITIALIZED_AUTOS = YES_AGGRESSIVE;
				GCC_WARN_UNUSED_FUNCTION = YES;
				GCC_WARN_UNUSED_VARIABLE = YES;
				IPHONEOS_DEPLOYMENT_TARGET = 13.2;
				MTL_ENABLE_DEBUG_INFO = NO;
				MTL_FAST_MATH = YES;
				SDKROOT = iphoneos;
				SWIFT_COMPILATION_MODE = wholemodule;
				SWIFT_OPTIMIZATION_LEVEL = "-O";
				VALIDATE_PRODUCT = YES;
			};
			name = Release;
		};
		4B692DF024536E1B00DA88C9 /* Debug */ = {
			isa = XCBuildConfiguration;
			baseConfigurationReference = C4A10800218E3A26FAEA01F8 /* Pods-AppEventos.debug.xcconfig */;
			buildSettings = {
				ASSETCATALOG_COMPILER_APPICON_NAME = AppIcon;
				CODE_SIGN_STYLE = Automatic;
				DEVELOPMENT_TEAM = A6K2NH59J2;
				INFOPLIST_FILE = AppEventos/Info.plist;
				LD_RUNPATH_SEARCH_PATHS = (
					"$(inherited)",
					"@executable_path/Frameworks",
				);
				PRODUCT_BUNDLE_IDENTIFIER = com.br..AppEventos;
				PRODUCT_NAME = "$(TARGET_NAME)";
				SWIFT_VERSION = 5.0;
				TARGETED_DEVICE_FAMILY = "1,2";
			};
			name = Debug;
		};
		4B692DF124536E1B00DA88C9 /* Release */ = {
			isa = XCBuildConfiguration;
			baseConfigurationReference = C9D6A592E8E5549266978C9D /* Pods-AppEventos.release.xcconfig */;
			buildSettings = {
				ASSETCATALOG_COMPILER_APPICON_NAME = AppIcon;
				CODE_SIGN_STYLE = Automatic;
				DEVELOPMENT_TEAM = A6K2NH59J2;
				INFOPLIST_FILE = AppEventos/Info.plist;
				LD_RUNPATH_SEARCH_PATHS = (
					"$(inherited)",
					"@executable_path/Frameworks",
				);
				PRODUCT_BUNDLE_IDENTIFIER = com.br..AppEventos;
				PRODUCT_NAME = "$(TARGET_NAME)";
				SWIFT_VERSION = 5.0;
				TARGETED_DEVICE_FAMILY = "1,2";
			};
			name = Release;
		};
/* End XCBuildConfiguration section */

/* Begin XCConfigurationList section */
		4B692DD624536E1A00DA88C9 /* Build configuration list for PBXProject "AppEventos" */ = {
			isa = XCConfigurationList;
			buildConfigurations = (
				4B692DED24536E1B00DA88C9 /* Debug */,
				4B692DEE24536E1B00DA88C9 /* Release */,
			);
			defaultConfigurationIsVisible = 0;
			defaultConfigurationName = Release;
		};
		4B692DEF24536E1B00DA88C9 /* Build configuration list for PBXNativeTarget "AppEventos" */ = {
			isa = XCConfigurationList;
			buildConfigurations = (
				4B692DF024536E1B00DA88C9 /* Debug */,
				4B692DF124536E1B00DA88C9 /* Release */,
			);
			defaultConfigurationIsVisible = 0;
			defaultConfigurationName = Release;
		};
/* End XCConfigurationList section */
	};
	rootObject = 4B692DD324536E1A00DA88C9 /* Project object */;
}
