PODS:
  - Differentiator (3.1.0)
  - ExpandableLabel (0.5.2)
  - FacebookCore (0.9.0):
    - FBSDKCoreKit (~> 5.0)
  - FacebookShare (0.9.0):
    - FacebookCore (~> 0.9.0)
    - FBSDKCoreKit (~> 5.0)
    - FBSDKShareKit (~> 5.0)
  - FBSDKCoreKit (5.15.1):
    - FBSDKCoreKit/Basics (= 5.15.1)
    - FBSDKCoreKit/Core (= 5.15.1)
  - FBSDKCoreKit/Basics (5.15.1)
  - FBSDKCoreKit/Core (5.15.1):
    - FBSDKCoreKit/Basics
  - FBSDKShareKit (5.15.1):
    - FBSDKShareKit/Share (= 5.15.1)
  - FBSDKShareKit/Share (5.15.1):
    - FBSDKCoreKit (~> 5.0)
  - NVActivityIndicatorView (4.8.0):
    - NVActivityIndicatorView/Presenter (= 4.8.0)
  - NVActivityIndicatorView/Presenter (4.8.0)
  - RxCocoa (4.5.0):
    - RxSwift (>= 4.4.2, ~> 4.4)
  - RxDataSources (3.1.0):
    - Differentiator (~> 3.0)
    - RxCocoa (~> 4.0)
    - RxSwift (~> 4.0)
  - RxSwift (4.5.0)
  - RxTest (4.5.0):
    - RxSwift (>= 4.4.2, ~> 4.4)
  - SwiftyJSON (4.3.0)

DEPENDENCIES:
  - ExpandableLabel
  - FacebookShare
  - NVActivityIndicatorView
  - RxCocoa (~> 4.0)
  - RxDataSources
  - RxSwift (~> 4.0)
  - RxTest
  - SwiftyJSON (~> 4.0)

SPEC REPOS:
  trunk:
    - Differentiator
    - ExpandableLabel
    - FacebookCore
    - FacebookShare
    - FBSDKCoreKit
    - FBSDKShareKit
    - NVActivityIndicatorView
    - RxCocoa
    - RxDataSources
    - RxSwift
    - RxTest
    - SwiftyJSON

SPEC CHECKSUMS:
  Differentiator: be49ca3408f0ecfc761e4c7763d20c62be01b9ad
  ExpandableLabel: c2fab6d27860c572d67134b30522a5917746171d
  FacebookCore: ba86524b66cfa86d0f8e65d08faa8504a9f732dd
  FacebookShare: 85968ad1b1606c4944fb154924e425fd29184ea5
  FBSDKCoreKit: 1d5acf7c9d7a2f92bb1a242dc60cae5b7adb91df
  FBSDKShareKit: 259737eab3cc807087374553abdf588b3096ba55
  NVActivityIndicatorView: d24b7ebcf80af5dcd994adb650e2b6c93379270f
  RxCocoa: cbf70265dc65a981d4ac982e513c10cf23df24a0
  RxDataSources: a843bad90c29817f5923ec8163f4af2de084ceb3
  RxSwift: f172070dfd1a93d70a9ab97a5a01166206e1c575
  RxTest: 3ccb66bfbace0bf7df1c43a7c75d046f8ce60372
  SwiftyJSON: 6faa0040f8b59dead0ee07436cbf76b73c08fd08

PODFILE CHECKSUM: 122ce799bf86de173ad45614f4eb65692a5849a8

COCOAPODS: 1.8.4
